
Microsoft Visual Studio Solution File, Format Version 12.00
# Visual Studio 15
Project("{FAE04EC0-301F-11D3-BF4B-00C04F79EFBC}") = "Unity.ML-Agents", "Unity.ML-Agents.csproj", "{CEE5805F-F448-DF79-1414-6354490CAC36}"
EndProject
Project("{FAE04EC0-301F-11D3-BF4B-00C04F79EFBC}") = "Unity.ML-Agents.CommunicatorObjects", "Unity.ML-Agents.CommunicatorObjects.csproj", "{EC7A36A1-0D61-1D87-A8E5-86AF62859472}"
EndProject
Project("{FAE04EC0-301F-11D3-BF4B-00C04F79EFBC}") = "Assembly-CSharp", "Assembly-CSharp.csproj", "{B464E99C-0AB8-A65C-312C-D2ACD07B08AD}"
EndProject
Project("{FAE04EC0-301F-11D3-BF4B-00C04F79EFBC}") = "Unity.ML-Agents.Editor", "Unity.ML-Agents.Editor.csproj", "{CCBA3940-6E24-19FA-65F9-954EE0E12574}"
EndProject
Global
	GlobalSection(SolutionConfigurationPlatforms) = preSolution
		Debug|Any CPU = Debug|Any CPU
		Release|Any CPU = Release|Any CPU
	EndGlobalSection
	GlobalSection(ProjectConfigurationPlatforms) = postSolution
		{CEE5805F-F448-DF79-1414-6354490CAC36}.Debug|Any CPU.ActiveCfg = Debug|Any CPU
		{CEE5805F-F448-DF79-1414-6354490CAC36}.Debug|Any CPU.Build.0 = Debug|Any CPU
		{CEE5805F-F448-DF79-1414-6354490CAC36}.Release|Any CPU.ActiveCfg = Release|Any CPU
		{CEE5805F-F448-DF79-1414-6354490CAC36}.Release|Any CPU.Build.0 = Release|Any CPU
		{EC7A36A1-0D61-1D87-A8E5-86AF62859472}.Debug|Any CPU.ActiveCfg = Debug|Any CPU
		{EC7A36A1-0D61-1D87-A8E5-86AF62859472}.Debug|Any CPU.Build.0 = Debug|Any CPU
		{EC7A36A1-0D61-1D87-A8E5-86AF62859472}.Release|Any CPU.ActiveCfg = Release|Any CPU
		{EC7A36A1-0D61-1D87-A8E5-86AF62859472}.Release|Any CPU.Build.0 = Release|Any CPU
		{B464E99C-0AB8-A65C-312C-D2ACD07B08AD}.Debug|Any CPU.ActiveCfg = Debug|Any CPU
		{B464E99C-0AB8-A65C-312C-D2ACD07B08AD}.Debug|Any CPU.Build.0 = Debug|Any CPU
		{B464E99C-0AB8-A65C-312C-D2ACD07B08AD}.Release|Any CPU.ActiveCfg = Release|Any CPU
		{B464E99C-0AB8-A65C-312C-D2ACD07B08AD}.Release|Any CPU.Build.0 = Release|Any CPU
		{CCBA3940-6E24-19FA-65F9-954EE0E12574}.Debug|Any CPU.ActiveCfg = Debug|Any CPU
		{CCBA3940-6E24-19FA-65F9-954EE0E12574}.Debug|Any CPU.Build.0 = Debug|Any CPU
		{CCBA3940-6E24-19FA-65F9-954EE0E12574}.Release|Any CPU.ActiveCfg = Release|Any CPU
		{CCBA3940-6E24-19FA-65F9-954EE0E12574}.Release|Any CPU.Build.0 = Release|Any CPU
	EndGlobalSection
	GlobalSection(SolutionProperties) = preSolution
		HideSolutionNode = FALSE
	EndGlobalSection
EndGlobal
